{
  "name": "codekit-project",
  "version": "1.0.0",
  "lockfileVersion": 1,
  "requires": true,
  "dependencies": {
    "workbox-background-sync": {
      "version": "5.1.3",
      "resolved": "https://registry.npmjs.org/workbox-background-sync/-/workbox-background-sync-5.1.3.tgz",
      "integrity": "sha512-V/R95aPxYjbKCaVzUTihrZ9ObGOnzoA5n60r0DQ747p8Pj15/dDTYixonKhhlvavTiNezUrp+wTQBvZvcd/ETA==",
      "requires": {
        "workbox-core": "^5.1.3"
      }
    },
    "workbox-cacheable-response": {
      "version": "5.1.3",
      "resolved": "https://registry.npmjs.org/workbox-cacheable-response/-/workbox-cacheable-response-5.1.3.tgz",
      "integrity": "sha512-lOJEwK2T4KWFNdhRFUKxTPBIO5hIYm9E/nYgMq5h/IH3iHPHlBPuFwRMaQy+TTCGWWTA85NomQOjVw1bj65RLw==",
      "requires": {
        "workbox-core": "^5.1.3"
      }
    },
    "workbox-core": {
      "version": "5.1.3",
      "resolved": "https://registry.npmjs.org/workbox-core/-/workbox-core-5.1.3.tgz",
      "integrity": "sha512-TFSIPxxciX9sFaj0FDiohBeIKpwMcCyNduydi9i3LChItcndDS6TJpErxybv8aBWeCMraXt33TWtF6kKuIObNw=="
    },
    "workbox-expiration": {
      "version": "5.1.3",
      "resolved": "https://registry.npmjs.org/workbox-expiration/-/workbox-expiration-5.1.3.tgz",
      "integrity": "sha512-8YhpmIHqIx+xmtxONADc+di4a3zzCsvVHLiKq6T3vJZUPnqV2jzx+51+UHMUh3T5w5Z5SFC14l0V/jesRbuMKg==",
      "requires": {
        "workbox-core": "^5.1.3"
      }
    },
    "workbox-precaching": {
      "version": "5.1.3",
      "resolved": "https://registry.npmjs.org/workbox-precaching/-/workbox-precaching-5.1.3.tgz",
      "integrity": "sha512-9jjBiB00AOI0NnI320ddnhvlL3bjMrDoI3211kEaxcRWh0N2fX25uVn0O8N8u1gWY4tIfwZAn/DgtAU13cFhYA==",
      "requires": {
        "workbox-core": "^5.1.3"
      }
    },
    "workbox-routing": {
      "version": "5.1.3",
      "resolved": "https://registry.npmjs.org/workbox-routing/-/workbox-routing-5.1.3.tgz",
      "integrity": "sha512-F+sAp9Iy3lVl3BEG+pzXWVq4AftzjiFpHDaZ4Kf4vLoBoKQE0hIHet4zE5DpHqYdyw+Udhp4wrfHamX6PN6z1Q==",
      "requires": {
        "workbox-core": "^5.1.3"
      }
    },
    "workbox-strategies": {
      "version": "5.1.3",
      "resolved": "https://registry.npmjs.org/workbox-strategies/-/workbox-strategies-5.1.3.tgz",
      "integrity": "sha512-wiXHfmOKnWABeIVW+/ye0e00+2CcS5y7SIj2f9zcdy2ZLEbcOf7B+yOl5OrWpBGlTUwRjIYhV++ZqiKm3Dc+8w==",
      "requires": {
        "workbox-core": "^5.1.3",
        "workbox-routing": "^5.1.3"
      }
    }
  }
}
